
Microsoft Visual Studio Solution File, Format Version 12.00
# Visual Studio Version 16
VisualStudioVersion = 16.0.30503.244
MinimumVisualStudioVersion = 10.0.40219.1
Project("{FAE04EC0-301F-11D3-BF4B-00C04F79EFBC}") = "ExampleSQLApp", "ExampleSQLApp\ExampleSQLApp.csproj", "{0BED661C-DCE6-4EB0-9D69-8D0BE91A1E76}"
EndProject
Project("{2150E333-8FDC-42A3-9474-1A3956D46DE8}") = "Solution Items", "Solution Items", "{FE54854F-2BB6-4B07-AD48-95E3D06176C4}"
EndProject
Global
	GlobalSection(SolutionConfigurationPlatforms) = preSolution
		Debug|Any CPU = Debug|Any CPU
		Release|Any CPU = Release|Any CPU
	EndGlobalSection
	GlobalSection(ProjectConfigurationPlatforms) = postSolution
		{0BED661C-DCE6-4EB0-9D69-8D0BE91A1E76}.Debug|Any CPU.ActiveCfg = Debug|Any CPU
		{0BED661C-DCE6-4EB0-9D69-8D0BE91A1E76}.Debug|Any CPU.Build.0 = Debug|Any CPU
		{0BED661C-DCE6-4EB0-9D69-8D0BE91A1E76}.Release|Any CPU.ActiveCfg = Release|Any CPU
		{0BED661C-DCE6-4EB0-9D69-8D0BE91A1E76}.Release|Any CPU.Build.0 = Release|Any CPU
	EndGlobalSection
	GlobalSection(SolutionProperties) = preSolution
		HideSolutionNode = FALSE
	EndGlobalSection
	GlobalSection(ExtensibilityGlobals) = postSolution
		SolutionGuid = {8F57C0B9-E24D-43D7-931A-B890A9111F1A}
	EndGlobalSection
EndGlobal
